{
  "name": "rallyeapi-signup",
  "version": "1.0.0",
  "lockfileVersion": 1,
  "requires": true,
  "dependencies": {
    "simplify-string": {
      "version": "1.0.3",
      "resolved": "https://registry.npmjs.org/simplify-string/-/simplify-string-1.0.3.tgz",
      "integrity": "sha1-77Y6FiT8osj/Ue66eud1PhRFYYM="
    }
  }
}
